
Microsoft Visual Studio Solution File, Format Version 12.00
# Visual Studio Version 16
VisualStudioVersion = 16.0.29613.14
MinimumVisualStudioVersion = 10.0.40219.1
Project("{FAE04EC0-301F-11D3-BF4B-00C04F79EFBC}") = "ARRAY", "ARRAY\ARRAY.csproj", "{D87D3B4C-AF61-4C11-ACC9-7EEAEDA7AAEE}"
EndProject
Project("{FAE04EC0-301F-11D3-BF4B-00C04F79EFBC}") = "Array øvelse 1", "Array øvelse 1\Array øvelse 1.csproj", "{EAC3D8FA-E494-4EA6-8DCD-D025BD79EF53}"
EndProject
Project("{FAE04EC0-301F-11D3-BF4B-00C04F79EFBC}") = "opgave om variabler", "..\opgave om variabler\opgave om variabler\opgave om variabler.csproj", "{C55CBB7B-09B6-4AC4-9A91-30A25638C197}"
EndProject
Project("{FAE04EC0-301F-11D3-BF4B-00C04F79EFBC}") = "Morsekode", "Morsekode\Morsekode.csproj", "{42D8EFA6-640A-49D7-8B40-29EE4B4C3D79}"
EndProject
Project("{FAE04EC0-301F-11D3-BF4B-00C04F79EFBC}") = "array øvelse 2", "array øvelse 2\array øvelse 2.csproj", "{F00F9E74-BC41-46D4-8C51-7083CE5C8AB2}"
EndProject
Project("{FAE04EC0-301F-11D3-BF4B-00C04F79EFBC}") = "Array øvelse 4", "Array øvelse 4\Array øvelse 4.csproj", "{7059797E-B0FC-4231-B1FB-5EEBCA8CF2FD}"
EndProject
Project("{FAE04EC0-301F-11D3-BF4B-00C04F79EFBC}") = "Array øvelse 3", "Array øvelse 3\Array øvelse 3.csproj", "{62768CF3-8454-40B8-82C3-39533040F2BA}"
EndProject
Project("{FAE04EC0-301F-11D3-BF4B-00C04F79EFBC}") = "Array and bubble sort", "Array and bubble sort\Array and bubble sort.csproj", "{89279FD5-71CC-4FE0-BCB9-2303BCE4D1E7}"
EndProject
Project("{FAE04EC0-301F-11D3-BF4B-00C04F79EFBC}") = "Liste", "Liste\Liste.csproj", "{798DF928-B752-4A18-95E4-28677F64D3F0}"
EndProject
Project("{FAE04EC0-301F-11D3-BF4B-00C04F79EFBC}") = "List", "List\List.csproj", "{A0E5C50A-F761-4449-A2D4-0A2B054794AF}"
EndProject
Project("{FAE04EC0-301F-11D3-BF4B-00C04F79EFBC}") = "Lotto", "Lotto\Lotto.csproj", "{E4484920-DC0A-4A0C-B383-76989A921589}"
EndProject
Project("{FAE04EC0-301F-11D3-BF4B-00C04F79EFBC}") = "Mozart", "Mozart\Mozart.csproj", "{F80453F0-E40C-44E2-9BD9-0D36E78FEE3E}"
EndProject
Global
	GlobalSection(SolutionConfigurationPlatforms) = preSolution
		Debug|Any CPU = Debug|Any CPU
		Release|Any CPU = Release|Any CPU
	EndGlobalSection
	GlobalSection(ProjectConfigurationPlatforms) = postSolution
		{D87D3B4C-AF61-4C11-ACC9-7EEAEDA7AAEE}.Debug|Any CPU.ActiveCfg = Debug|Any CPU
		{D87D3B4C-AF61-4C11-ACC9-7EEAEDA7AAEE}.Debug|Any CPU.Build.0 = Debug|Any CPU
		{D87D3B4C-AF61-4C11-ACC9-7EEAEDA7AAEE}.Release|Any CPU.ActiveCfg = Release|Any CPU
		{D87D3B4C-AF61-4C11-ACC9-7EEAEDA7AAEE}.Release|Any CPU.Build.0 = Release|Any CPU
		{EAC3D8FA-E494-4EA6-8DCD-D025BD79EF53}.Debug|Any CPU.ActiveCfg = Debug|Any CPU
		{EAC3D8FA-E494-4EA6-8DCD-D025BD79EF53}.Debug|Any CPU.Build.0 = Debug|Any CPU
		{EAC3D8FA-E494-4EA6-8DCD-D025BD79EF53}.Release|Any CPU.ActiveCfg = Release|Any CPU
		{EAC3D8FA-E494-4EA6-8DCD-D025BD79EF53}.Release|Any CPU.Build.0 = Release|Any CPU
		{C55CBB7B-09B6-4AC4-9A91-30A25638C197}.Debug|Any CPU.ActiveCfg = Debug|Any CPU
		{C55CBB7B-09B6-4AC4-9A91-30A25638C197}.Debug|Any CPU.Build.0 = Debug|Any CPU
		{C55CBB7B-09B6-4AC4-9A91-30A25638C197}.Release|Any CPU.ActiveCfg = Release|Any CPU
		{C55CBB7B-09B6-4AC4-9A91-30A25638C197}.Release|Any CPU.Build.0 = Release|Any CPU
		{42D8EFA6-640A-49D7-8B40-29EE4B4C3D79}.Debug|Any CPU.ActiveCfg = Debug|Any CPU
		{42D8EFA6-640A-49D7-8B40-29EE4B4C3D79}.Debug|Any CPU.Build.0 = Debug|Any CPU
		{42D8EFA6-640A-49D7-8B40-29EE4B4C3D79}.Release|Any CPU.ActiveCfg = Release|Any CPU
		{42D8EFA6-640A-49D7-8B40-29EE4B4C3D79}.Release|Any CPU.Build.0 = Release|Any CPU
		{F00F9E74-BC41-46D4-8C51-7083CE5C8AB2}.Debug|Any CPU.ActiveCfg = Debug|Any CPU
		{F00F9E74-BC41-46D4-8C51-7083CE5C8AB2}.Debug|Any CPU.Build.0 = Debug|Any CPU
		{F00F9E74-BC41-46D4-8C51-7083CE5C8AB2}.Release|Any CPU.ActiveCfg = Release|Any CPU
		{F00F9E74-BC41-46D4-8C51-7083CE5C8AB2}.Release|Any CPU.Build.0 = Release|Any CPU
		{7059797E-B0FC-4231-B1FB-5EEBCA8CF2FD}.Debug|Any CPU.ActiveCfg = Debug|Any CPU
		{7059797E-B0FC-4231-B1FB-5EEBCA8CF2FD}.Debug|Any CPU.Build.0 = Debug|Any CPU
		{7059797E-B0FC-4231-B1FB-5EEBCA8CF2FD}.Release|Any CPU.ActiveCfg = Release|Any CPU
		{7059797E-B0FC-4231-B1FB-5EEBCA8CF2FD}.Release|Any CPU.Build.0 = Release|Any CPU
		{62768CF3-8454-40B8-82C3-39533040F2BA}.Debug|Any CPU.ActiveCfg = Debug|Any CPU
		{62768CF3-8454-40B8-82C3-39533040F2BA}.Debug|Any CPU.Build.0 = Debug|Any CPU
		{62768CF3-8454-40B8-82C3-39533040F2BA}.Release|Any CPU.ActiveCfg = Release|Any CPU
		{62768CF3-8454-40B8-82C3-39533040F2BA}.Release|Any CPU.Build.0 = Release|Any CPU
		{89279FD5-71CC-4FE0-BCB9-2303BCE4D1E7}.Debug|Any CPU.ActiveCfg = Debug|Any CPU
		{89279FD5-71CC-4FE0-BCB9-2303BCE4D1E7}.Debug|Any CPU.Build.0 = Debug|Any CPU
		{89279FD5-71CC-4FE0-BCB9-2303BCE4D1E7}.Release|Any CPU.ActiveCfg = Release|Any CPU
		{89279FD5-71CC-4FE0-BCB9-2303BCE4D1E7}.Release|Any CPU.Build.0 = Release|Any CPU
		{798DF928-B752-4A18-95E4-28677F64D3F0}.Debug|Any CPU.ActiveCfg = Debug|Any CPU
		{798DF928-B752-4A18-95E4-28677F64D3F0}.Debug|Any CPU.Build.0 = Debug|Any CPU
		{798DF928-B752-4A18-95E4-28677F64D3F0}.Release|Any CPU.ActiveCfg = Release|Any CPU
		{798DF928-B752-4A18-95E4-28677F64D3F0}.Release|Any CPU.Build.0 = Release|Any CPU
		{A0E5C50A-F761-4449-A2D4-0A2B054794AF}.Debug|Any CPU.ActiveCfg = Debug|Any CPU
		{A0E5C50A-F761-4449-A2D4-0A2B054794AF}.Debug|Any CPU.Build.0 = Debug|Any CPU
		{A0E5C50A-F761-4449-A2D4-0A2B054794AF}.Release|Any CPU.ActiveCfg = Release|Any CPU
		{A0E5C50A-F761-4449-A2D4-0A2B054794AF}.Release|Any CPU.Build.0 = Release|Any CPU
		{E4484920-DC0A-4A0C-B383-76989A921589}.Debug|Any CPU.ActiveCfg = Debug|Any CPU
		{E4484920-DC0A-4A0C-B383-76989A921589}.Debug|Any CPU.Build.0 = Debug|Any CPU
		{E4484920-DC0A-4A0C-B383-76989A921589}.Release|Any CPU.ActiveCfg = Release|Any CPU
		{E4484920-DC0A-4A0C-B383-76989A921589}.Release|Any CPU.Build.0 = Release|Any CPU
		{F80453F0-E40C-44E2-9BD9-0D36E78FEE3E}.Debug|Any CPU.ActiveCfg = Debug|Any CPU
		{F80453F0-E40C-44E2-9BD9-0D36E78FEE3E}.Debug|Any CPU.Build.0 = Debug|Any CPU
		{F80453F0-E40C-44E2-9BD9-0D36E78FEE3E}.Release|Any CPU.ActiveCfg = Release|Any CPU
		{F80453F0-E40C-44E2-9BD9-0D36E78FEE3E}.Release|Any CPU.Build.0 = Release|Any CPU
	EndGlobalSection
	GlobalSection(SolutionProperties) = preSolution
		HideSolutionNode = FALSE
	EndGlobalSection
	GlobalSection(ExtensibilityGlobals) = postSolution
		SolutionGuid = {9CFA3DC4-989E-4E77-BE9D-3A0F771F7345}
	EndGlobalSection
EndGlobal
